
Microsoft Visual Studio Solution File, Format Version 12.00
# Visual Studio Version 16
VisualStudioVersion = 16.0.31515.178
MinimumVisualStudioVersion = 10.0.40219.1
Project("{FAE04EC0-301F-11D3-BF4B-00C04F79EFBC}") = "ParserBestChangeAPI", "ParserBestChangeAPI\ParserBestChangeAPI.csproj", "{AC90C027-7175-4BDD-B3E4-CED060972BE2}"
EndProject
Global
	GlobalSection(SolutionConfigurationPlatforms) = preSolution
		Debug|Any CPU = Debug|Any CPU
		Release|Any CPU = Release|Any CPU
	EndGlobalSection
	GlobalSection(ProjectConfigurationPlatforms) = postSolution
		{AC90C027-7175-4BDD-B3E4-CED060972BE2}.Debug|Any CPU.ActiveCfg = Debug|Any CPU
		{AC90C027-7175-4BDD-B3E4-CED060972BE2}.Debug|Any CPU.Build.0 = Debug|Any CPU
		{AC90C027-7175-4BDD-B3E4-CED060972BE2}.Release|Any CPU.ActiveCfg = Release|Any CPU
		{AC90C027-7175-4BDD-B3E4-CED060972BE2}.Release|Any CPU.Build.0 = Release|Any CPU
	EndGlobalSection
	GlobalSection(SolutionProperties) = preSolution
		HideSolutionNode = FALSE
	EndGlobalSection
	GlobalSection(ExtensibilityGlobals) = postSolution
		SolutionGuid = {5CDD7474-7F08-4931-947D-DDFA48C11A0F}
	EndGlobalSection
EndGlobal
